// !$*UTF8*$!
{
	archiveVersion = 1;
	classes = {
	};
	objectVersion = 46;
	objects = {

/* Begin PBXBuildFile section */
		133BB02564D094A0FFF66E10 /* libPods-MUNetworkRequest.a in Frameworks */ = {isa = PBXBuildFile; fileRef = 00278AE7FDB15977011BE376 /* libPods-MUNetworkRequest.a */; };
		16438F0A1CC793FA00C23068 /* main.m in Sources */ = {isa = PBXBuildFile; fileRef = 16438F091CC793FA00C23068 /* main.m */; };
		16438F0D1CC793FA00C23068 /* AppDelegate.m in Sources */ = {isa = PBXBuildFile; fileRef = 16438F0C1CC793FA00C23068 /* AppDelegate.m */; };
		16438F101CC793FB00C23068 /* ViewController.m in Sources */ = {isa = PBXBuildFile; fileRef = 16438F0F1CC793FB00C23068 /* ViewController.m */; };
		16438F131CC793FB00C23068 /* Main.storyboard in Resources */ = {isa = PBXBuildFile; fileRef = 16438F111CC793FB00C23068 /* Main.storyboard */; };
		16438F151CC793FB00C23068 /* Assets.xcassets in Resources */ = {isa = PBXBuildFile; fileRef = 16438F141CC793FB00C23068 /* Assets.xcassets */; };
		16438F181CC793FB00C23068 /* LaunchScreen.storyboard in Resources */ = {isa = PBXBuildFile; fileRef = 16438F161CC793FB00C23068 /* LaunchScreen.storyboard */; };
		16438F211CC8776600C23068 /* MUNetworkRequest.m in Sources */ = {isa = PBXBuildFile; fileRef = 16438F201CC8776600C23068 /* MUNetworkRequest.m */; };
/* End PBXBuildFile section */

/* Begin PBXFileReference section */
		00278AE7FDB15977011BE376 /* libPods-MUNetworkRequest.a */ = {isa = PBXFileReference; explicitFileType = archive.ar; includeInIndex = 0; path = "libPods-MUNetworkRequest.a"; sourceTree = BUILT_PRODUCTS_DIR; };
		080DC8794E7F9D0C993CFEF4 /* Pods-MUNetworkRequest.debug.xcconfig */ = {isa = PBXFileReference; includeInIndex = 1; lastKnownFileType = text.xcconfig; name = "Pods-MUNetworkRequest.debug.xcconfig"; path = "Pods/Target Support Files/Pods-MUNetworkRequest/Pods-MUNetworkRequest.debug.xcconfig"; sourceTree = "<group>"; };
		0E6C2FF2B8501A759AED1EB9 /* Pods-MUNetworkRequest.release.xcconfig */ = {isa = PBXFileReference; includeInIndex = 1; lastKnownFileType = text.xcconfig; name = "Pods-MUNetworkRequest.release.xcconfig"; path = "Pods/Target Support Files/Pods-MUNetworkRequest/Pods-MUNetworkRequest.release.xcconfig"; sourceTree = "<group>"; };
		16438F051CC793FA00C23068 /* MUNetworkRequest.app */ = {isa = PBXFileReference; explicitFileType = wrapper.application; includeInIndex = 0; path = MUNetworkRequest.app; sourceTree = BUILT_PRODUCTS_DIR; };
		16438F091CC793FA00C23068 /* main.m */ = {isa = PBXFileReference; lastKnownFileType = sourcecode.c.objc; path = main.m; sourceTree = "<group>"; };
		16438F0B1CC793FA00C23068 /* AppDelegate.h */ = {isa = PBXFileReference; lastKnownFileType = sourcecode.c.h; path = AppDelegate.h; sourceTree = "<group>"; };
		16438F0C1CC793FA00C23068 /* AppDelegate.m */ = {isa = PBXFileReference; lastKnownFileType = sourcecode.c.objc; path = AppDelegate.m; sourceTree = "<group>"; };
		16438F0E1CC793FB00C23068 /* ViewController.h */ = {isa = PBXFileReference; lastKnownFileType = sourcecode.c.h; path = ViewController.h; sourceTree = "<group>"; };
		16438F0F1CC793FB00C23068 /* ViewController.m */ = {isa = PBXFileReference; lastKnownFileType = sourcecode.c.objc; path = ViewController.m; sourceTree = "<group>"; };
		16438F121CC793FB00C23068 /* Base */ = {isa = PBXFileReference; lastKnownFileType = file.storyboard; name = Base; path = Base.lproj/Main.storyboard; sourceTree = "<group>"; };
		16438F141CC793FB00C23068 /* Assets.xcassets */ = {isa = PBXFileReference; lastKnownFileType = folder.assetcatalog; path = Assets.xcassets; sourceTree = "<group>"; };
		16438F171CC793FB00C23068 /* Base */ = {isa = PBXFileReference; lastKnownFileType = file.storyboard; name = Base; path = Base.lproj/LaunchScreen.storyboard; sourceTree = "<group>"; };
		16438F191CC793FB00C23068 /* Info.plist */ = {isa = PBXFileReference; lastKnownFileType = text.plist.xml; path = Info.plist; sourceTree = "<group>"; };
		16438F1F1CC8776600C23068 /* MUNetworkRequest.h */ = {isa = PBXFileReference; fileEncoding = 4; lastKnownFileType = sourcecode.c.h; path = MUNetworkRequest.h; sourceTree = "<group>"; };
		16438F201CC8776600C23068 /* MUNetworkRequest.m */ = {isa = PBXFileReference; fileEncoding = 4; lastKnownFileType = sourcecode.c.objc; path = MUNetworkRequest.m; sourceTree = "<group>"; };
/* End PBXFileReference section */

/* Begin PBXFrameworksBuildPhase section */
		16438F021CC793FA00C23068 /* Frameworks */ = {
			isa = PBXFrameworksBuildPhase;
			buildActionMask = 2147483647;
			files = (
				133BB02564D094A0FFF66E10 /* libPods-MUNetworkRequest.a in Frameworks */,
			);
			runOnlyForDeploymentPostprocessing = 0;
		};
/* End PBXFrameworksBuildPhase section */

/* Begin PBXGroup section */
		16438EFC1CC793FA00C23068 = {
			isa = PBXGroup;
			children = (
				16438F071CC793FA00C23068 /* MUNetworkRequest */,
				16438F061CC793FA00C23068 /* Products */,
				DD641D117EE1C1189A16D5C6 /* Pods */,
				41BB7D07BD1A287082E40D98 /* Frameworks */,
			);
			sourceTree = "<group>";
		};
		16438F061CC793FA00C23068 /* Products */ = {
			isa = PBXGroup;
			children = (
				16438F051CC793FA00C23068 /* MUNetworkRequest.app */,
			);
			name = Products;
			sourceTree = "<group>";
		};
		16438F071CC793FA00C23068 /* MUNetworkRequest */ = {
			isa = PBXGroup;
			children = (
				16438F0B1CC793FA00C23068 /* AppDelegate.h */,
				16438F0C1CC793FA00C23068 /* AppDelegate.m */,
				16438F0E1CC793FB00C23068 /* ViewController.h */,
				16438F0F1CC793FB00C23068 /* ViewController.m */,
				16438F1F1CC8776600C23068 /* MUNetworkRequest.h */,
				16438F201CC8776600C23068 /* MUNetworkRequest.m */,
				16438F111CC793FB00C23068 /* Main.storyboard */,
				16438F141CC793FB00C23068 /* Assets.xcassets */,
				16438F161CC793FB00C23068 /* LaunchScreen.storyboard */,
				16438F191CC793FB00C23068 /* Info.plist */,
				16438F081CC793FA00C23068 /* Supporting Files */,
			);
			path = MUNetworkRequest;
			sourceTree = "<group>";
		};
		16438F081CC793FA00C23068 /* Supporting Files */ = {
			isa = PBXGroup;
			children = (
				16438F091CC793FA00C23068 /* main.m */,
			);
			name = "Supporting Files";
			sourceTree = "<group>";
		};
		41BB7D07BD1A287082E40D98 /* Frameworks */ = {
			isa = PBXGroup;
			children = (
				00278AE7FDB15977011BE376 /* libPods-MUNetworkRequest.a */,
			);
			name = Frameworks;
			sourceTree = "<group>";
		};
		DD641D117EE1C1189A16D5C6 /* Pods */ = {
			isa = PBXGroup;
			children = (
				080DC8794E7F9D0C993CFEF4 /* Pods-MUNetworkRequest.debug.xcconfig */,
				0E6C2FF2B8501A759AED1EB9 /* Pods-MUNetworkRequest.release.xcconfig */,
			);
			name = Pods;
			sourceTree = "<group>";
		};
/* End PBXGroup section */

/* Begin PBXNativeTarget section */
		16438F041CC793FA00C23068 /* MUNetworkRequest */ = {
			isa = PBXNativeTarget;
			buildConfigurationList = 16438F1C1CC793FB00C23068 /* Build configuration list for PBXNativeTarget "MUNetworkRequest" */;
			buildPhases = (
				7F203DEB29F1F79F6E2B8EDC /* Check Pods Manifest.lock */,
				16438F011CC793FA00C23068 /* Sources */,
				16438F021CC793FA00C23068 /* Frameworks */,
				16438F031CC793FA00C23068 /* Resources */,
				8D233FCBA8833886C4142A3C /* Embed Pods Frameworks */,
				3A72FEDB0DA82E7B23EA1F84 /* Copy Pods Resources */,
			);
			buildRules = (
			);
			dependencies = (
			);
			name = MUNetworkRequest;
			productName = MUNetworkRequest;
			productReference = 16438F051CC793FA00C23068 /* MUNetworkRequest.app */;
			productType = "com.apple.product-type.application";
		};
/* End PBXNativeTarget section */

/* Begin PBXProject section */
		16438EFD1CC793FA00C23068 /* Project object */ = {
			isa = PBXProject;
			attributes = {
				LastUpgradeCheck = 0730;
				ORGANIZATIONNAME = Muer;
				TargetAttributes = {
					16438F041CC793FA00C23068 = {
						CreatedOnToolsVersion = 7.3;
					};
				};
			};
			buildConfigurationList = 16438F001CC793FA00C23068 /* Build configuration list for PBXProject "MUNetworkRequest" */;
			compatibilityVersion = "Xcode 3.2";
			developmentRegion = English;
			hasScannedForEncodings = 0;
			knownRegions = (
				en,
				Base,
			);
			mainGroup = 16438EFC1CC793FA00C23068;
			productRefGroup = 16438F061CC793FA00C23068 /* Products */;
			projectDirPath = "";
			projectRoot = "";
			targets = (
				16438F041CC793FA00C23068 /* MUNetworkRequest */,
			);
		};
/* End PBXProject section */

/* Begin PBXResourcesBuildPhase section */
		16438F031CC793FA00C23068 /* Resources */ = {
			isa = PBXResourcesBuildPhase;
			buildActionMask = 2147483647;
			files = (
				16438F181CC793FB00C23068 /* LaunchScreen.storyboard in Resources */,
				16438F151CC793FB00C23068 /* Assets.xcassets in Resources */,
				16438F131CC793FB00C23068 /* Main.storyboard in Resources */,
			);
			runOnlyForDeploymentPostprocessing = 0;
		};
/* End PBXResourcesBuildPhase section */

/* Begin PBXShellScriptBuildPhase section */
		3A72FEDB0DA82E7B23EA1F84 /* Copy Pods Resources */ = {
			isa = PBXShellScriptBuildPhase;
			buildActionMask = 2147483647;
			files = (
			);
			inputPaths = (
			);
			name = "Copy Pods Resources";
			outputPaths = (
			);
			runOnlyForDeploymentPostprocessing = 0;
			shellPath = /bin/sh;
			shellScript = "\"${SRCROOT}/Pods/Target Support Files/Pods-MUNetworkRequest/Pods-MUNetworkRequest-resources.sh\"\n";
			showEnvVarsInLog = 0;
		};
		7F203DEB29F1F79F6E2B8EDC /* Check Pods Manifest.lock */ = {
			isa = PBXShellScriptBuildPhase;
			buildActionMask = 2147483647;
			files = (
			);
			inputPaths = (
			);
			name = "Check Pods Manifest.lock";
			outputPaths = (
			);
			runOnlyForDeploymentPostprocessing = 0;
			shellPath = /bin/sh;
			shellScript = "diff \"${PODS_ROOT}/../Podfile.lock\" \"${PODS_ROOT}/Manifest.lock\" > /dev/null\nif [[ $? != 0 ]] ; then\n    cat << EOM\nerror: The sandbox is not in sync with the Podfile.lock. Run 'pod install' or update your CocoaPods installation.\nEOM\n    exit 1\nfi\n";
			showEnvVarsInLog = 0;
		};
		8D233FCBA8833886C4142A3C /* Embed Pods Frameworks */ = {
			isa = PBXShellScriptBuildPhase;
			buildActionMask = 2147483647;
			files = (
			);
			inputPaths = (
			);
			name = "Embed Pods Frameworks";
			outputPaths = (
			);
			runOnlyForDeploymentPostprocessing = 0;
			shellPath = /bin/sh;
			shellScript = "\"${SRCROOT}/Pods/Target Support Files/Pods-MUNetworkRequest/Pods-MUNetworkRequest-frameworks.sh\"\n";
			showEnvVarsInLog = 0;
		};
/* End PBXShellScriptBuildPhase section */

/* Begin PBXSourcesBuildPhase section */
		16438F011CC793FA00C23068 /* Sources */ = {
			isa = PBXSourcesBuildPhase;
			buildActionMask = 2147483647;
			files = (
				16438F101CC793FB00C23068 /* ViewController.m in Sources */,
				16438F0D1CC793FA00C23068 /* AppDelegate.m in Sources */,
				16438F211CC8776600C23068 /* MUNetworkRequest.m in Sources */,
				16438F0A1CC793FA00C23068 /* main.m in Sources */,
			);
			runOnlyForDeploymentPostprocessing = 0;
		};
/* End PBXSourcesBuildPhase section */

/* Begin PBXVariantGroup section */
		16438F111CC793FB00C23068 /* Main.storyboard */ = {
			isa = PBXVariantGroup;
			children = (
				16438F121CC793FB00C23068 /* Base */,
			);
			name = Main.storyboard;
			sourceTree = "<group>";
		};
		16438F161CC793FB00C23068 /* LaunchScreen.storyboard */ = {
			isa = PBXVariantGroup;
			children = (
				16438F171CC793FB00C23068 /* Base */,
			);
			name = LaunchScreen.storyboard;
			sourceTree = "<group>";
		};
/* End PBXVariantGroup section */

/* Begin XCBuildConfiguration section */
		16438F1A1CC793FB00C23068 /* Debug */ = {
			isa = XCBuildConfiguration;
			buildSettings = {
				ALWAYS_SEARCH_USER_PATHS = NO;
				CLANG_ANALYZER_NONNULL = YES;
				CLANG_CXX_LANGUAGE_STANDARD = "gnu++0x";
				CLANG_CXX_LIBRARY = "libc++";
				CLANG_ENABLE_MODULES = YES;
				CLANG_ENABLE_OBJC_ARC = YES;
				CLANG_WARN_BOOL_CONVERSION = YES;
				CLANG_WARN_CONSTANT_CONVERSION = YES;
				CLANG_WARN_DIRECT_OBJC_ISA_USAGE = YES_ERROR;
				CLANG_WARN_EMPTY_BODY = YES;
				CLANG_WARN_ENUM_CONVERSION = YES;
				CLANG_WARN_INT_CONVERSION = YES;
				CLANG_WARN_OBJC_ROOT_CLASS = YES_ERROR;
				CLANG_WARN_UNREACHABLE_CODE = YES;
				CLANG_WARN__DUPLICATE_METHOD_MATCH = YES;
				"CODE_SIGN_IDENTITY[sdk=iphoneos*]" = "iPhone Developer";
				COPY_PHASE_STRIP = NO;
				DEBUG_INFORMATION_FORMAT = dwarf;
				ENABLE_STRICT_OBJC_MSGSEND = YES;
				ENABLE_TESTABILITY = YES;
				GCC_C_LANGUAGE_STANDARD = gnu99;
				GCC_DYNAMIC_NO_PIC = NO;
				GCC_NO_COMMON_BLOCKS = YES;
				GCC_OPTIMIZATION_LEVEL = 0;
				GCC_PREPROCESSOR_DEFINITIONS = (
					"DEBUG=1",
					"$(inherited)",
				);
				GCC_WARN_64_TO_32_BIT_CONVERSION = YES;
				GCC_WARN_ABOUT_RETURN_TYPE = YES_ERROR;
				GCC_WARN_UNDECLARED_SELECTOR = YES;
				GCC_WARN_UNINITIALIZED_AUTOS = YES_AGGRESSIVE;
				GCC_WARN_UNUSED_FUNCTION = YES;
				GCC_WARN_UNUSED_VARIABLE = YES;
				IPHONEOS_DEPLOYMENT_TARGET = 7.0;
				MTL_ENABLE_DEBUG_INFO = YES;
				ONLY_ACTIVE_ARCH = YES;
				SDKROOT = iphoneos;
				TARGETED_DEVICE_FAMILY = "1,2";
			};
			name = Debug;
		};
		16438F1B1CC793FB00C23068 /* Release */ = {
			isa = XCBuildConfiguration;
			buildSettings = {
				ALWAYS_SEARCH_USER_PATHS = NO;
				CLANG_ANALYZER_NONNULL = YES;
				CLANG_CXX_LANGUAGE_STANDARD = "gnu++0x";
				CLANG_CXX_LIBRARY = "libc++";
				CLANG_ENABLE_MODULES = YES;
				CLANG_ENABLE_OBJC_ARC = YES;
				CLANG_WARN_BOOL_CONVERSION = YES;
				CLANG_WARN_CONSTANT_CONVERSION = YES;
				CLANG_WARN_DIRECT_OBJC_ISA_USAGE = YES_ERROR;
				CLANG_WARN_EMPTY_BODY = YES;
				CLANG_WARN_ENUM_CONVERSION = YES;
				CLANG_WARN_INT_CONVERSION = YES;
				CLANG_WARN_OBJC_ROOT_CLASS = YES_ERROR;
				CLANG_WARN_UNREACHABLE_CODE = YES;
				CLANG_WARN__DUPLICATE_METHOD_MATCH = YES;
				"CODE_SIGN_IDENTITY[sdk=iphoneos*]" = "iPhone Developer";
				COPY_PHASE_STRIP = NO;
				DEBUG_INFORMATION_FORMAT = "dwarf-with-dsym";
				ENABLE_NS_ASSERTIONS = NO;
				ENABLE_STRICT_OBJC_MSGSEND = YES;
				GCC_C_LANGUAGE_STANDARD = gnu99;
				GCC_NO_COMMON_BLOCKS = YES;
				GCC_WARN_64_TO_32_BIT_CONVERSION = YES;
				GCC_WARN_ABOUT_RETURN_TYPE = YES_ERROR;
				GCC_WARN_UNDECLARED_SELECTOR = YES;
				GCC_WARN_UNINITIALIZED_AUTOS = YES_AGGRESSIVE;
				GCC_WARN_UNUSED_FUNCTION = YES;
				GCC_WARN_UNUSED_VARIABLE = YES;
				IPHONEOS_DEPLOYMENT_TARGET = 7.0;
				MTL_ENABLE_DEBUG_INFO = NO;
				SDKROOT = iphoneos;
				TARGETED_DEVICE_FAMILY = "1,2";
				VALIDATE_PRODUCT = YES;
			};
			name = Release;
		};
		16438F1D1CC793FB00C23068 /* Debug */ = {
			isa = XCBuildConfiguration;
			baseConfigurationReference = 080DC8794E7F9D0C993CFEF4 /* Pods-MUNetworkRequest.debug.xcconfig */;
			buildSettings = {
				ASSETCATALOG_COMPILER_APPICON_NAME = AppIcon;
				INFOPLIST_FILE = MUNetworkRequest/Info.plist;
				IPHONEOS_DEPLOYMENT_TARGET = 7.0;
				LD_RUNPATH_SEARCH_PATHS = "$(inherited) @executable_path/Frameworks";
				PRODUCT_BUNDLE_IDENTIFIER = com.muer2000.MUNetworkRequest;
				PRODUCT_NAME = "$(TARGET_NAME)";
			};
			name = Debug;
		};
		16438F1E1CC793FB00C23068 /* Release */ = {
			isa = XCBuildConfiguration;
			baseConfigurationReference = 0E6C2FF2B8501A759AED1EB9 /* Pods-MUNetworkRequest.release.xcconfig */;
			buildSettings = {
				ASSETCATALOG_COMPILER_APPICON_NAME = AppIcon;
				INFOPLIST_FILE = MUNetworkRequest/Info.plist;
				IPHONEOS_DEPLOYMENT_TARGET = 7.0;
				LD_RUNPATH_SEARCH_PATHS = "$(inherited) @executable_path/Frameworks";
				PRODUCT_BUNDLE_IDENTIFIER = com.muer2000.MUNetworkRequest;
				PRODUCT_NAME = "$(TARGET_NAME)";
			};
			name = Release;
		};
/* End XCBuildConfiguration section */

/* Begin XCConfigurationList section */
		16438F001CC793FA00C23068 /* Build configuration list for PBXProject "MUNetworkRequest" */ = {
			isa = XCConfigurationList;
			buildConfigurations = (
				16438F1A1CC793FB00C23068 /* Debug */,
				16438F1B1CC793FB00C23068 /* Release */,
			);
			defaultConfigurationIsVisible = 0;
			defaultConfigurationName = Release;
		};
		16438F1C1CC793FB00C23068 /* Build configuration list for PBXNativeTarget "MUNetworkRequest" */ = {
			isa = XCConfigurationList;
			buildConfigurations = (
				16438F1D1CC793FB00C23068 /* Debug */,
				16438F1E1CC793FB00C23068 /* Release */,
			);
			defaultConfigurationIsVisible = 0;
			defaultConfigurationName = Release;
		};
/* End XCConfigurationList section */
	};
	rootObject = 16438EFD1CC793FA00C23068 /* Project object */;
}
